
Microsoft Visual Studio Solution File, Format Version 12.00
# Visual Studio Version 16
VisualStudioVersion = 16.0.30320.27
MinimumVisualStudioVersion = 10.0.40219.1
Project("{FAE04EC0-301F-11D3-BF4B-00C04F79EFBC}") = "TelerikDataGridIBindingListExample", "TelerikDataGridIBindingListExample\TelerikDataGridIBindingListExample.csproj", "{F1A7DC5B-D301-478E-994D-2BFCC0A50CB1}"
EndProject
Global
	GlobalSection(SolutionConfigurationPlatforms) = preSolution
		Debug|Any CPU = Debug|Any CPU
		Release|Any CPU = Release|Any CPU
	EndGlobalSection
	GlobalSection(ProjectConfigurationPlatforms) = postSolution
		{F1A7DC5B-D301-478E-994D-2BFCC0A50CB1}.Debug|Any CPU.ActiveCfg = Debug|Any CPU
		{F1A7DC5B-D301-478E-994D-2BFCC0A50CB1}.Debug|Any CPU.Build.0 = Debug|Any CPU
		{F1A7DC5B-D301-478E-994D-2BFCC0A50CB1}.Release|Any CPU.ActiveCfg = Release|Any CPU
		{F1A7DC5B-D301-478E-994D-2BFCC0A50CB1}.Release|Any CPU.Build.0 = Release|Any CPU
	EndGlobalSection
	GlobalSection(SolutionProperties) = preSolution
		HideSolutionNode = FALSE
	EndGlobalSection
	GlobalSection(ExtensibilityGlobals) = postSolution
		SolutionGuid = {D623EFB7-9B77-476B-BBE0-1F897A0F7764}
	EndGlobalSection
EndGlobal
